
Microsoft Visual Studio Solution File, Format Version 12.00
# Visual Studio Version 17
VisualStudioVersion = 17.14.36603.0 d17.14
MinimumVisualStudioVersion = 10.0.40219.1
Project("{FAE04EC0-301F-11D3-BF4B-00C04F79EFBC}") = "OnlineStoreProject", "OnlineStoreProject.csproj", "{7DE6105D-FB2D-4981-8A36-B8FCFE5818BC}"
EndProject
Project("{FAE04EC0-301F-11D3-BF4B-00C04F79EFBC}") = "OnlineStoreProjectTests", "..\OnlineStoreProjectTests\OnlineStoreProjectTests.csproj", "{68AC8018-E2B6-4BB7-8C50-7A2D689A4CB3}"
EndProject
Global
	GlobalSection(SolutionConfigurationPlatforms) = preSolution
		Debug|Any CPU = Debug|Any CPU
		Release|Any CPU = Release|Any CPU
	EndGlobalSection
	GlobalSection(ProjectConfigurationPlatforms) = postSolution
		{7DE6105D-FB2D-4981-8A36-B8FCFE5818BC}.Debug|Any CPU.ActiveCfg = Debug|Any CPU
		{7DE6105D-FB2D-4981-8A36-B8FCFE5818BC}.Debug|Any CPU.Build.0 = Debug|Any CPU
		{7DE6105D-FB2D-4981-8A36-B8FCFE5818BC}.Release|Any CPU.ActiveCfg = Release|Any CPU
		{7DE6105D-FB2D-4981-8A36-B8FCFE5818BC}.Release|Any CPU.Build.0 = Release|Any CPU
		{68AC8018-E2B6-4BB7-8C50-7A2D689A4CB3}.Debug|Any CPU.ActiveCfg = Debug|Any CPU
		{68AC8018-E2B6-4BB7-8C50-7A2D689A4CB3}.Debug|Any CPU.Build.0 = Debug|Any CPU
		{68AC8018-E2B6-4BB7-8C50-7A2D689A4CB3}.Release|Any CPU.ActiveCfg = Release|Any CPU
		{68AC8018-E2B6-4BB7-8C50-7A2D689A4CB3}.Release|Any CPU.Build.0 = Release|Any CPU
	EndGlobalSection
	GlobalSection(SolutionProperties) = preSolution
		HideSolutionNode = FALSE
	EndGlobalSection
	GlobalSection(ExtensibilityGlobals) = postSolution
		SolutionGuid = {59833E34-6A63-4FC6-9CFC-F18C44CB9D01}
	EndGlobalSection
EndGlobal
